
Microsoft Visual Studio Solution File, Format Version 12.00
# Visual Studio 15
VisualStudioVersion = 15.0.27004.2010
MinimumVisualStudioVersion = 10.0.40219.1
Project("{FAE04EC0-301F-11D3-BF4B-00C04F79EFBC}") = "Daqifi.Desktop", "..\Daqifi.Desktop\Daqifi.Desktop.csproj", "{757CB4D9-9B2E-4E6C-A6AA-50F113589C12}"
EndProject
Project("{FAE04EC0-301F-11D3-BF4B-00C04F79EFBC}") = "Daqifi.Desktop.Bootloader", "..\Daqifi.Desktop.Bootloader\Daqifi.Desktop.Bootloader.csproj", "{E1B7FA13-2AD8-4B9F-983E-0EA88C3A1062}"
EndProject
Project("{930C7802-8A8C-48F9-8165-68863BCCD9DD}") = "DAQifiDesktop_Setup", "DAQifiDesktopSetup\DAQifiDesktop_Setup.wixproj", "{CD91730F-E4A6-4BB1-9D13-8F2E67F69D7C}"
EndProject
Project("{FAE04EC0-301F-11D3-BF4B-00C04F79EFBC}") = "Daqifi.Desktop.DataModel", "..\Daqifi.Desktop.DataModel\Daqifi.Desktop.DataModel.csproj", "{8E553D17-C0B1-447F-B4A2-0F11903CAA49}"
EndProject
Project("{FAE04EC0-301F-11D3-BF4B-00C04F79EFBC}") = "Daqifi.Desktop.Common", "..\Daqifi.Desktop.Common\Daqifi.Desktop.Common.csproj", "{70415FC8-2F9F-4DA1-9DC5-93F6392381C3}"
EndProject
Project("{FAE04EC0-301F-11D3-BF4B-00C04F79EFBC}") = "Daqifi.Desktop.IO", "..\Daqifi.Desktop.IO\Daqifi.Desktop.IO.csproj", "{EC3CD2DE-4816-4568-98B8-9CC258DF7CA1}"
EndProject
Global
	GlobalSection(SolutionConfigurationPlatforms) = preSolution
		Debug|Any CPU = Debug|Any CPU
		Debug|Mixed Platforms = Debug|Mixed Platforms
		Debug|x86 = Debug|x86
		Release|Any CPU = Release|Any CPU
		Release|Mixed Platforms = Release|Mixed Platforms
		Release|x86 = Release|x86
	EndGlobalSection
	GlobalSection(ProjectConfigurationPlatforms) = postSolution
		{757CB4D9-9B2E-4E6C-A6AA-50F113589C12}.Debug|Any CPU.ActiveCfg = Debug|Any CPU
		{757CB4D9-9B2E-4E6C-A6AA-50F113589C12}.Debug|Any CPU.Build.0 = Debug|Any CPU
		{757CB4D9-9B2E-4E6C-A6AA-50F113589C12}.Debug|Mixed Platforms.ActiveCfg = Debug|Any CPU
		{757CB4D9-9B2E-4E6C-A6AA-50F113589C12}.Debug|Mixed Platforms.Build.0 = Debug|Any CPU
		{757CB4D9-9B2E-4E6C-A6AA-50F113589C12}.Debug|x86.ActiveCfg = Debug|Any CPU
		{757CB4D9-9B2E-4E6C-A6AA-50F113589C12}.Debug|x86.Build.0 = Debug|Any CPU
		{757CB4D9-9B2E-4E6C-A6AA-50F113589C12}.Release|Any CPU.ActiveCfg = Release|Any CPU
		{757CB4D9-9B2E-4E6C-A6AA-50F113589C12}.Release|Any CPU.Build.0 = Release|Any CPU
		{757CB4D9-9B2E-4E6C-A6AA-50F113589C12}.Release|Mixed Platforms.ActiveCfg = Release|Any CPU
		{757CB4D9-9B2E-4E6C-A6AA-50F113589C12}.Release|Mixed Platforms.Build.0 = Release|Any CPU
		{757CB4D9-9B2E-4E6C-A6AA-50F113589C12}.Release|x86.ActiveCfg = Release|Any CPU
		{757CB4D9-9B2E-4E6C-A6AA-50F113589C12}.Release|x86.Build.0 = Release|Any CPU
		{E1B7FA13-2AD8-4B9F-983E-0EA88C3A1062}.Debug|Any CPU.ActiveCfg = Debug|Any CPU
		{E1B7FA13-2AD8-4B9F-983E-0EA88C3A1062}.Debug|Any CPU.Build.0 = Debug|Any CPU
		{E1B7FA13-2AD8-4B9F-983E-0EA88C3A1062}.Debug|Mixed Platforms.ActiveCfg = Debug|Any CPU
		{E1B7FA13-2AD8-4B9F-983E-0EA88C3A1062}.Debug|Mixed Platforms.Build.0 = Debug|Any CPU
		{E1B7FA13-2AD8-4B9F-983E-0EA88C3A1062}.Debug|x86.ActiveCfg = Debug|Any CPU
		{E1B7FA13-2AD8-4B9F-983E-0EA88C3A1062}.Debug|x86.Build.0 = Debug|Any CPU
		{E1B7FA13-2AD8-4B9F-983E-0EA88C3A1062}.Release|Any CPU.ActiveCfg = Release|Any CPU
		{E1B7FA13-2AD8-4B9F-983E-0EA88C3A1062}.Release|Any CPU.Build.0 = Release|Any CPU
		{E1B7FA13-2AD8-4B9F-983E-0EA88C3A1062}.Release|Mixed Platforms.ActiveCfg = Release|Any CPU
		{E1B7FA13-2AD8-4B9F-983E-0EA88C3A1062}.Release|Mixed Platforms.Build.0 = Release|Any CPU
		{E1B7FA13-2AD8-4B9F-983E-0EA88C3A1062}.Release|x86.ActiveCfg = Release|Any CPU
		{E1B7FA13-2AD8-4B9F-983E-0EA88C3A1062}.Release|x86.Build.0 = Release|Any CPU
		{CD91730F-E4A6-4BB1-9D13-8F2E67F69D7C}.Debug|Any CPU.ActiveCfg = Debug|x86
		{CD91730F-E4A6-4BB1-9D13-8F2E67F69D7C}.Debug|Mixed Platforms.ActiveCfg = Debug|x86
		{CD91730F-E4A6-4BB1-9D13-8F2E67F69D7C}.Debug|Mixed Platforms.Build.0 = Debug|x86
		{CD91730F-E4A6-4BB1-9D13-8F2E67F69D7C}.Debug|x86.ActiveCfg = Debug|x86
		{CD91730F-E4A6-4BB1-9D13-8F2E67F69D7C}.Debug|x86.Build.0 = Debug|x86
		{CD91730F-E4A6-4BB1-9D13-8F2E67F69D7C}.Release|Any CPU.ActiveCfg = Release|x86
		{CD91730F-E4A6-4BB1-9D13-8F2E67F69D7C}.Release|Mixed Platforms.ActiveCfg = Release|x86
		{CD91730F-E4A6-4BB1-9D13-8F2E67F69D7C}.Release|Mixed Platforms.Build.0 = Release|x86
		{CD91730F-E4A6-4BB1-9D13-8F2E67F69D7C}.Release|x86.ActiveCfg = Release|x86
		{CD91730F-E4A6-4BB1-9D13-8F2E67F69D7C}.Release|x86.Build.0 = Release|x86
		{8E553D17-C0B1-447F-B4A2-0F11903CAA49}.Debug|Any CPU.ActiveCfg = Debug|Any CPU
		{8E553D17-C0B1-447F-B4A2-0F11903CAA49}.Debug|Any CPU.Build.0 = Debug|Any CPU
		{8E553D17-C0B1-447F-B4A2-0F11903CAA49}.Debug|Mixed Platforms.ActiveCfg = Debug|Any CPU
		{8E553D17-C0B1-447F-B4A2-0F11903CAA49}.Debug|Mixed Platforms.Build.0 = Debug|Any CPU
		{8E553D17-C0B1-447F-B4A2-0F11903CAA49}.Debug|x86.ActiveCfg = Debug|Any CPU
		{8E553D17-C0B1-447F-B4A2-0F11903CAA49}.Debug|x86.Build.0 = Debug|Any CPU
		{8E553D17-C0B1-447F-B4A2-0F11903CAA49}.Release|Any CPU.ActiveCfg = Release|Any CPU
		{8E553D17-C0B1-447F-B4A2-0F11903CAA49}.Release|Any CPU.Build.0 = Release|Any CPU
		{8E553D17-C0B1-447F-B4A2-0F11903CAA49}.Release|Mixed Platforms.ActiveCfg = Release|Any CPU
		{8E553D17-C0B1-447F-B4A2-0F11903CAA49}.Release|Mixed Platforms.Build.0 = Release|Any CPU
		{8E553D17-C0B1-447F-B4A2-0F11903CAA49}.Release|x86.ActiveCfg = Release|Any CPU
		{8E553D17-C0B1-447F-B4A2-0F11903CAA49}.Release|x86.Build.0 = Release|Any CPU
		{70415FC8-2F9F-4DA1-9DC5-93F6392381C3}.Debug|Any CPU.ActiveCfg = Debug|Any CPU
		{70415FC8-2F9F-4DA1-9DC5-93F6392381C3}.Debug|Any CPU.Build.0 = Debug|Any CPU
		{70415FC8-2F9F-4DA1-9DC5-93F6392381C3}.Debug|Mixed Platforms.ActiveCfg = Debug|Any CPU
		{70415FC8-2F9F-4DA1-9DC5-93F6392381C3}.Debug|Mixed Platforms.Build.0 = Debug|Any CPU
		{70415FC8-2F9F-4DA1-9DC5-93F6392381C3}.Debug|x86.ActiveCfg = Debug|Any CPU
		{70415FC8-2F9F-4DA1-9DC5-93F6392381C3}.Debug|x86.Build.0 = Debug|Any CPU
		{70415FC8-2F9F-4DA1-9DC5-93F6392381C3}.Release|Any CPU.ActiveCfg = Release|Any CPU
		{70415FC8-2F9F-4DA1-9DC5-93F6392381C3}.Release|Any CPU.Build.0 = Release|Any CPU
		{70415FC8-2F9F-4DA1-9DC5-93F6392381C3}.Release|Mixed Platforms.ActiveCfg = Release|Any CPU
		{70415FC8-2F9F-4DA1-9DC5-93F6392381C3}.Release|Mixed Platforms.Build.0 = Release|Any CPU
		{70415FC8-2F9F-4DA1-9DC5-93F6392381C3}.Release|x86.ActiveCfg = Release|Any CPU
		{70415FC8-2F9F-4DA1-9DC5-93F6392381C3}.Release|x86.Build.0 = Release|Any CPU
		{EC3CD2DE-4816-4568-98B8-9CC258DF7CA1}.Debug|Any CPU.ActiveCfg = Debug|Any CPU
		{EC3CD2DE-4816-4568-98B8-9CC258DF7CA1}.Debug|Any CPU.Build.0 = Debug|Any CPU
		{EC3CD2DE-4816-4568-98B8-9CC258DF7CA1}.Debug|Mixed Platforms.ActiveCfg = Debug|Any CPU
		{EC3CD2DE-4816-4568-98B8-9CC258DF7CA1}.Debug|Mixed Platforms.Build.0 = Debug|Any CPU
		{EC3CD2DE-4816-4568-98B8-9CC258DF7CA1}.Debug|x86.ActiveCfg = Debug|Any CPU
		{EC3CD2DE-4816-4568-98B8-9CC258DF7CA1}.Debug|x86.Build.0 = Debug|Any CPU
		{EC3CD2DE-4816-4568-98B8-9CC258DF7CA1}.Release|Any CPU.ActiveCfg = Release|Any CPU
		{EC3CD2DE-4816-4568-98B8-9CC258DF7CA1}.Release|Any CPU.Build.0 = Release|Any CPU
		{EC3CD2DE-4816-4568-98B8-9CC258DF7CA1}.Release|Mixed Platforms.ActiveCfg = Release|Any CPU
		{EC3CD2DE-4816-4568-98B8-9CC258DF7CA1}.Release|Mixed Platforms.Build.0 = Release|Any CPU
		{EC3CD2DE-4816-4568-98B8-9CC258DF7CA1}.Release|x86.ActiveCfg = Release|Any CPU
		{EC3CD2DE-4816-4568-98B8-9CC258DF7CA1}.Release|x86.Build.0 = Release|Any CPU
	EndGlobalSection
	GlobalSection(SolutionProperties) = preSolution
		HideSolutionNode = FALSE
	EndGlobalSection
	GlobalSection(ExtensibilityGlobals) = postSolution
		SolutionGuid = {57167643-016E-4DB3-BE65-87AEC868AF39}
	EndGlobalSection
EndGlobal
